// !$*UTF8*$!
{
	archiveVersion = 1;
	classes = {
	};
	objectVersion = 50;
	objects = {

/* Begin PBXBuildFile section */
		5591773E2305DBFC00583DEC /* AppDelegate.swift in Sources */ = {isa = PBXBuildFile; fileRef = 5591773D2305DBFC00583DEC /* AppDelegate.swift */; };
		559177402305DBFC00583DEC /* ViewController.swift in Sources */ = {isa = PBXBuildFile; fileRef = 5591773F2305DBFC00583DEC /* ViewController.swift */; };
		559177432305DBFC00583DEC /* Main.storyboard in Resources */ = {isa = PBXBuildFile; fileRef = 559177412305DBFC00583DEC /* Main.storyboard */; };
		559177452305DBFD00583DEC /* Assets.xcassets in Resources */ = {isa = PBXBuildFile; fileRef = 559177442305DBFD00583DEC /* Assets.xcassets */; };
		559177482305DBFD00583DEC /* LaunchScreen.storyboard in Resources */ = {isa = PBXBuildFile; fileRef = 559177462305DBFD00583DEC /* LaunchScreen.storyboard */; };
		5591776E2305FA5E00583DEC /* Languages.swift in Sources */ = {isa = PBXBuildFile; fileRef = 5591776D2305FA5E00583DEC /* Languages.swift */; };
/* End PBXBuildFile section */

/* Begin PBXFileReference section */
		5591773A2305DBFC00583DEC /* PeerMentorProjectUnit2.app */ = {isa = PBXFileReference; explicitFileType = wrapper.application; includeInIndex = 0; path = PeerMentorProjectUnit2.app; sourceTree = BUILT_PRODUCTS_DIR; };
		5591773D2305DBFC00583DEC /* AppDelegate.swift */ = {isa = PBXFileReference; lastKnownFileType = sourcecode.swift; path = AppDelegate.swift; sourceTree = "<group>"; };
		5591773F2305DBFC00583DEC /* ViewController.swift */ = {isa = PBXFileReference; lastKnownFileType = sourcecode.swift; path = ViewController.swift; sourceTree = "<group>"; };
		559177422305DBFC00583DEC /* Base */ = {isa = PBXFileReference; lastKnownFileType = file.storyboard; name = Base; path = Base.lproj/Main.storyboard; sourceTree = "<group>"; };
		559177442305DBFD00583DEC /* Assets.xcassets */ = {isa = PBXFileReference; lastKnownFileType = folder.assetcatalog; path = Assets.xcassets; sourceTree = "<group>"; };
		559177472305DBFD00583DEC /* Base */ = {isa = PBXFileReference; lastKnownFileType = file.storyboard; name = Base; path = Base.lproj/LaunchScreen.storyboard; sourceTree = "<group>"; };
		559177492305DBFD00583DEC /* Info.plist */ = {isa = PBXFileReference; lastKnownFileType = text.plist.xml; path = Info.plist; sourceTree = "<group>"; };
		5591776D2305FA5E00583DEC /* Languages.swift */ = {isa = PBXFileReference; lastKnownFileType = sourcecode.swift; path = Languages.swift; sourceTree = "<group>"; };
/* End PBXFileReference section */

/* Begin PBXFrameworksBuildPhase section */
		559177372305DBFC00583DEC /* Frameworks */ = {
			isa = PBXFrameworksBuildPhase;
			buildActionMask = 2147483647;
			files = (
			);
			runOnlyForDeploymentPostprocessing = 0;
		};
/* End PBXFrameworksBuildPhase section */

/* Begin PBXGroup section */
		559177312305DBFC00583DEC = {
			isa = PBXGroup;
			children = (
				5591773C2305DBFC00583DEC /* PeerMentorProjectUnit2 */,
				5591773B2305DBFC00583DEC /* Products */,
			);
			sourceTree = "<group>";
		};
		5591773B2305DBFC00583DEC /* Products */ = {
			isa = PBXGroup;
			children = (
				5591773A2305DBFC00583DEC /* PeerMentorProjectUnit2.app */,
			);
			name = Products;
			sourceTree = "<group>";
		};
		5591773C2305DBFC00583DEC /* PeerMentorProjectUnit2 */ = {
			isa = PBXGroup;
			children = (
				5591773D2305DBFC00583DEC /* AppDelegate.swift */,
				5591776D2305FA5E00583DEC /* Languages.swift */,
				5591773F2305DBFC00583DEC /* ViewController.swift */,
				559177412305DBFC00583DEC /* Main.storyboard */,
				559177442305DBFD00583DEC /* Assets.xcassets */,
				559177462305DBFD00583DEC /* LaunchScreen.storyboard */,
				559177492305DBFD00583DEC /* Info.plist */,
			);
			path = PeerMentorProjectUnit2;
			sourceTree = "<group>";
		};
/* End PBXGroup section */

/* Begin PBXNativeTarget section */
		559177392305DBFC00583DEC /* PeerMentorProjectUnit2 */ = {
			isa = PBXNativeTarget;
			buildConfigurationList = 5591774C2305DBFD00583DEC /* Build configuration list for PBXNativeTarget "PeerMentorProjectUnit2" */;
			buildPhases = (
				559177362305DBFC00583DEC /* Sources */,
				559177372305DBFC00583DEC /* Frameworks */,
				559177382305DBFC00583DEC /* Resources */,
			);
			buildRules = (
			);
			dependencies = (
			);
			name = PeerMentorProjectUnit2;
			productName = PeerMentorProjectUnit2;
			productReference = 5591773A2305DBFC00583DEC /* PeerMentorProjectUnit2.app */;
			productType = "com.apple.product-type.application";
		};
/* End PBXNativeTarget section */

/* Begin PBXProject section */
		559177322305DBFC00583DEC /* Project object */ = {
			isa = PBXProject;
			attributes = {
				LastSwiftUpdateCheck = 1020;
				LastUpgradeCheck = 1020;
				ORGANIZATIONNAME = Pursuit;
				TargetAttributes = {
					559177392305DBFC00583DEC = {
						CreatedOnToolsVersion = 10.2;
					};
				};
			};
			buildConfigurationList = 559177352305DBFC00583DEC /* Build configuration list for PBXProject "PeerMentorProjectUnit2" */;
			compatibilityVersion = "Xcode 9.3";
			developmentRegion = en;
			hasScannedForEncodings = 0;
			knownRegions = (
				en,
				Base,
			);
			mainGroup = 559177312305DBFC00583DEC;
			productRefGroup = 5591773B2305DBFC00583DEC /* Products */;
			projectDirPath = "";
			projectRoot = "";
			targets = (
				559177392305DBFC00583DEC /* PeerMentorProjectUnit2 */,
			);
		};
/* End PBXProject section */

/* Begin PBXResourcesBuildPhase section */
		559177382305DBFC00583DEC /* Resources */ = {
			isa = PBXResourcesBuildPhase;
			buildActionMask = 2147483647;
			files = (
				559177482305DBFD00583DEC /* LaunchScreen.storyboard in Resources */,
				559177452305DBFD00583DEC /* Assets.xcassets in Resources */,
				559177432305DBFC00583DEC /* Main.storyboard in Resources */,
			);
			runOnlyForDeploymentPostprocessing = 0;
		};
/* End PBXResourcesBuildPhase section */

/* Begin PBXSourcesBuildPhase section */
		559177362305DBFC00583DEC /* Sources */ = {
			isa = PBXSourcesBuildPhase;
			buildActionMask = 2147483647;
			files = (
				559177402305DBFC00583DEC /* ViewController.swift in Sources */,
				5591773E2305DBFC00583DEC /* AppDelegate.swift in Sources */,
				5591776E2305FA5E00583DEC /* Languages.swift in Sources */,
			);
			runOnlyForDeploymentPostprocessing = 0;
		};
/* End PBXSourcesBuildPhase section */

/* Begin PBXVariantGroup section */
		559177412305DBFC00583DEC /* Main.storyboard */ = {
			isa = PBXVariantGroup;
			children = (
				559177422305DBFC00583DEC /* Base */,
			);
			name = Main.storyboard;
			sourceTree = "<group>";
		};
		559177462305DBFD00583DEC /* LaunchScreen.storyboard */ = {
			isa = PBXVariantGroup;
			children = (
				559177472305DBFD00583DEC /* Base */,
			);
			name = LaunchScreen.storyboard;
			sourceTree = "<group>";
		};
/* End PBXVariantGroup section */

/* Begin XCBuildConfiguration section */
		5591774A2305DBFD00583DEC /* Debug */ = {
			isa = XCBuildConfiguration;
			buildSettings = {
				ALWAYS_SEARCH_USER_PATHS = NO;
				CLANG_ANALYZER_NONNULL = YES;
				CLANG_ANALYZER_NUMBER_OBJECT_CONVERSION = YES_AGGRESSIVE;
				CLANG_CXX_LANGUAGE_STANDARD = "gnu++14";
				CLANG_CXX_LIBRARY = "libc++";
				CLANG_ENABLE_MODULES = YES;
				CLANG_ENABLE_OBJC_ARC = YES;
				CLANG_ENABLE_OBJC_WEAK = YES;
				CLANG_WARN_BLOCK_CAPTURE_AUTORELEASING = YES;
				CLANG_WARN_BOOL_CONVERSION = YES;
				CLANG_WARN_COMMA = YES;
				CLANG_WARN_CONSTANT_CONVERSION = YES;
				CLANG_WARN_DEPRECATED_OBJC_IMPLEMENTATIONS = YES;
				CLANG_WARN_DIRECT_OBJC_ISA_USAGE = YES_ERROR;
				CLANG_WARN_DOCUMENTATION_COMMENTS = YES;
				CLANG_WARN_EMPTY_BODY = YES;
				CLANG_WARN_ENUM_CONVERSION = YES;
				CLANG_WARN_INFINITE_RECURSION = YES;
				CLANG_WARN_INT_CONVERSION = YES;
				CLANG_WARN_NON_LITERAL_NULL_CONVERSION = YES;
				CLANG_WARN_OBJC_IMPLICIT_RETAIN_SELF = YES;
				CLANG_WARN_OBJC_LITERAL_CONVERSION = YES;
				CLANG_WARN_OBJC_ROOT_CLASS = YES_ERROR;
				CLANG_WARN_RANGE_LOOP_ANALYSIS = YES;
				CLANG_WARN_STRICT_PROTOTYPES = YES;
				CLANG_WARN_SUSPICIOUS_MOVE = YES;
				CLANG_WARN_UNGUARDED_AVAILABILITY = YES_AGGRESSIVE;
				CLANG_WARN_UNREACHABLE_CODE = YES;
				CLANG_WARN__DUPLICATE_METHOD_MATCH = YES;
				CODE_SIGN_IDENTITY = "iPhone Developer";
				COPY_PHASE_STRIP = NO;
				DEBUG_INFORMATION_FORMAT = dwarf;
				ENABLE_STRICT_OBJC_MSGSEND = YES;
				ENABLE_TESTABILITY = YES;
				GCC_C_LANGUAGE_STANDARD = gnu11;
				GCC_DYNAMIC_NO_PIC = NO;
				GCC_NO_COMMON_BLOCKS = YES;
				GCC_OPTIMIZATION_LEVEL = 0;
				GCC_PREPROCESSOR_DEFINITIONS = (
					"DEBUG=1",
					"$(inherited)",
				);
				GCC_WARN_64_TO_32_BIT_CONVERSION = YES;
				GCC_WARN_ABOUT_RETURN_TYPE = YES_ERROR;
				GCC_WARN_UNDECLARED_SELECTOR = YES;
				GCC_WARN_UNINITIALIZED_AUTOS = YES_AGGRESSIVE;
				GCC_WARN_UNUSED_FUNCTION = YES;
				GCC_WARN_UNUSED_VARIABLE = YES;
				IPHONEOS_DEPLOYMENT_TARGET = 12.2;
				MTL_ENABLE_DEBUG_INFO = INCLUDE_SOURCE;
				MTL_FAST_MATH = YES;
				ONLY_ACTIVE_ARCH = YES;
				SDKROOT = iphoneos;
				SWIFT_ACTIVE_COMPILATION_CONDITIONS = DEBUG;
				SWIFT_OPTIMIZATION_LEVEL = "-Onone";
			};
			name = Debug;
		};
		5591774B2305DBFD00583DEC /* Release */ = {
			isa = XCBuildConfiguration;
			buildSettings = {
				ALWAYS_SEARCH_USER_PATHS = NO;
				CLANG_ANALYZER_NONNULL = YES;
				CLANG_ANALYZER_NUMBER_OBJECT_CONVERSION = YES_AGGRESSIVE;
				CLANG_CXX_LANGUAGE_STANDARD = "gnu++14";
				CLANG_CXX_LIBRARY = "libc++";
				CLANG_ENABLE_MODULES = YES;
				CLANG_ENABLE_OBJC_ARC = YES;
				CLANG_ENABLE_OBJC_WEAK = YES;
				CLANG_WARN_BLOCK_CAPTURE_AUTORELEASING = YES;
				CLANG_WARN_BOOL_CONVERSION = YES;
				CLANG_WARN_COMMA = YES;
				CLANG_WARN_CONSTANT_CONVERSION = YES;
				CLANG_WARN_DEPRECATED_OBJC_IMPLEMENTATIONS = YES;
				CLANG_WARN_DIRECT_OBJC_ISA_USAGE = YES_ERROR;
				CLANG_WARN_DOCUMENTATION_COMMENTS = YES;
				CLANG_WARN_EMPTY_BODY = YES;
				CLANG_WARN_ENUM_CONVERSION = YES;
				CLANG_WARN_INFINITE_RECURSION = YES;
				CLANG_WARN_INT_CONVERSION = YES;
				CLANG_WARN_NON_LITERAL_NULL_CONVERSION = YES;
				CLANG_WARN_OBJC_IMPLICIT_RETAIN_SELF = YES;
				CLANG_WARN_OBJC_LITERAL_CONVERSION = YES;
				CLANG_WARN_OBJC_ROOT_CLASS = YES_ERROR;
				CLANG_WARN_RANGE_LOOP_ANALYSIS = YES;
				CLANG_WARN_STRICT_PROTOTYPES = YES;
				CLANG_WARN_SUSPICIOUS_MOVE = YES;
				CLANG_WARN_UNGUARDED_AVAILABILITY = YES_AGGRESSIVE;
				CLANG_WARN_UNREACHABLE_CODE = YES;
				CLANG_WARN__DUPLICATE_METHOD_MATCH = YES;
				CODE_SIGN_IDENTITY = "iPhone Developer";
				COPY_PHASE_STRIP = NO;
				DEBUG_INFORMATION_FORMAT = "dwarf-with-dsym";
				ENABLE_NS_ASSERTIONS = NO;
				ENABLE_STRICT_OBJC_MSGSEND = YES;
				GCC_C_LANGUAGE_STANDARD = gnu11;
				GCC_NO_COMMON_BLOCKS = YES;
				GCC_WARN_64_TO_32_BIT_CONVERSION = YES;
				GCC_WARN_ABOUT_RETURN_TYPE = YES_ERROR;
				GCC_WARN_UNDECLARED_SELECTOR = YES;
				GCC_WARN_UNINITIALIZED_AUTOS = YES_AGGRESSIVE;
				GCC_WARN_UNUSED_FUNCTION = YES;
				GCC_WARN_UNUSED_VARIABLE = YES;
				IPHONEOS_DEPLOYMENT_TARGET = 12.2;
				MTL_ENABLE_DEBUG_INFO = NO;
				MTL_FAST_MATH = YES;
				SDKROOT = iphoneos;
				SWIFT_COMPILATION_MODE = wholemodule;
				SWIFT_OPTIMIZATION_LEVEL = "-O";
				VALIDATE_PRODUCT = YES;
			};
			name = Release;
		};
		5591774D2305DBFD00583DEC /* Debug */ = {
			isa = XCBuildConfiguration;
			buildSettings = {
				ASSETCATALOG_COMPILER_APPICON_NAME = AppIcon;
				CODE_SIGN_STYLE = Automatic;
				DEVELOPMENT_TEAM = PN99Z24U45;
				INFOPLIST_FILE = PeerMentorProjectUnit2/Info.plist;
				LD_RUNPATH_SEARCH_PATHS = (
					"$(inherited)",
					"@executable_path/Frameworks",
				);
				PRODUCT_BUNDLE_IDENTIFIER = "Antonio-Flores.PeerMentorProjectUnit2";
				PRODUCT_NAME = "$(TARGET_NAME)";
				SWIFT_VERSION = 5.0;
				TARGETED_DEVICE_FAMILY = "1,2";
			};
			name = Debug;
		};
		5591774E2305DBFD00583DEC /* Release */ = {
			isa = XCBuildConfiguration;
			buildSettings = {
				ASSETCATALOG_COMPILER_APPICON_NAME = AppIcon;
				CODE_SIGN_STYLE = Automatic;
				DEVELOPMENT_TEAM = PN99Z24U45;
				INFOPLIST_FILE = PeerMentorProjectUnit2/Info.plist;
				LD_RUNPATH_SEARCH_PATHS = (
					"$(inherited)",
					"@executable_path/Frameworks",
				);
				PRODUCT_BUNDLE_IDENTIFIER = "Antonio-Flores.PeerMentorProjectUnit2";
				PRODUCT_NAME = "$(TARGET_NAME)";
				SWIFT_VERSION = 5.0;
				TARGETED_DEVICE_FAMILY = "1,2";
			};
			name = Release;
		};
/* End XCBuildConfiguration section */

/* Begin XCConfigurationList section */
		559177352305DBFC00583DEC /* Build configuration list for PBXProject "PeerMentorProjectUnit2" */ = {
			isa = XCConfigurationList;
			buildConfigurations = (
				5591774A2305DBFD00583DEC /* Debug */,
				5591774B2305DBFD00583DEC /* Release */,
			);
			defaultConfigurationIsVisible = 0;
			defaultConfigurationName = Release;
		};
		5591774C2305DBFD00583DEC /* Build configuration list for PBXNativeTarget "PeerMentorProjectUnit2" */ = {
			isa = XCConfigurationList;
			buildConfigurations = (
				5591774D2305DBFD00583DEC /* Debug */,
				5591774E2305DBFD00583DEC /* Release */,
			);
			defaultConfigurationIsVisible = 0;
			defaultConfigurationName = Release;
		};
/* End XCConfigurationList section */
	};
	rootObject = 559177322305DBFC00583DEC /* Project object */;
}
